<?xml version="1.0" encoding="utf-8"?>
<Project ToolsVersion="4.0" xmlns="http://schemas.microsoft.com/developer/msbuild/2003">
  <ItemGroup>
    <Filter Include="Source Files">
      <UniqueIdentifier>{4FC737F1-C7A5-4376-A066-2A32D752A2FF}</UniqueIdentifier>
      <Extensions>cpp;c;cc;cxx;def;odl;idl;hpj;bat;asm;asmx</Extensions>
    </Filter>
    <Filter Include="Header Files">
      <UniqueIdentifier>{93995380-89BD-4b04-88EB-625FBE52EBFB}</UniqueIdentifier>
      <Extensions>h;hh;hpp;hxx;hm;inl;inc;ipp;xsd</Extensions>
    </Filter>
    <Filter Include="Resource Files">
      <UniqueIdentifier>{67DA6AB6-F800-4c08-8B7A-83BB121AAD01}</UniqueIdentifier>
      <Extensions>rc;ico;cur;bmp;dlg;rc2;rct;bin;rgs;gif;jpg;jpeg;jpe;resx;tiff;tif;png;wav;mfcribbon-ms</Extensions>
    </Filter>
  </ItemGroup>
  <ItemGroup>
    <ClInclude Include="..\..\..\..\..\..\%40Projects\WERK\Sollicitatie Guerrilla\Heatmap\Heatmap3D\Heatmap3D\pch.h">
      <Filter>Header Files</Filter>
    </ClInclude>
    <ClInclude Include="dataController\datacontroller.h">
      <Filter>Header Files</Filter>
    </ClInclude>
    <ClInclude Include="temperature\temperature.h">
      <Filter>Header Files</Filter>
    </ClInclude>
    <ClInclude Include="windowManager\windowmanager.h">
      <Filter>Header Files</Filter>
    </ClInclude>
    <ClInclude Include="windowManager\openGLWindowManager\openglwindowmanager.h">
      <Filter>Header Files</Filter>
    </ClInclude>
    <ClInclude Include="..\..\..\..\..\..\%40Projects\WERK\Sollicitatie Guerrilla\Heatmap\Heatmap3D\Heatmap3D\scene\scene.h">
      <Filter>Header Files</Filter>
    </ClInclude>
    <ClInclude Include="..\..\..\..\..\..\%40Projects\WERK\Sollicitatie Guerrilla\Heatmap\Heatmap3D\Heatmap3D\gameComponent\gamecomponent.h">
      <Filter>Header Files</Filter>
    </ClInclude>
    <ClInclude Include="..\..\..\..\..\..\%40Projects\WERK\Sollicitatie Guerrilla\Heatmap\Heatmap3D\Heatmap3D\structs\shaderprogramsource.h">
      <Filter>Header Files</Filter>
    </ClInclude>
    <ClInclude Include="..\..\..\..\..\..\%40Projects\WERK\Sollicitatie Guerrilla\Heatmap\Heatmap3D\Heatmap3D\shaderutils\shaderUtils.h">
      <Filter>Header Files</Filter>
    </ClInclude>
  </ItemGroup>
  <ItemGroup>
    <ClCompile Include="..\..\..\..\..\..\%40Projects\WERK\Sollicitatie Guerrilla\Heatmap\Heatmap3D\Heatmap3D\pch.cpp">
      <Filter>Source Files</Filter>
    </ClCompile>
    <ClCompile Include="..\..\..\..\..\..\%40Projects\WERK\Sollicitatie Guerrilla\Heatmap\Heatmap3D\Heatmap3D\Heatmap3D.cpp">
      <Filter>Source Files</Filter>
    </ClCompile>
    <ClCompile Include="dataController\datacontroller.cpp">
      <Filter>Source Files</Filter>
    </ClCompile>
    <ClCompile Include="temperature\temperature.cpp">
      <Filter>Source Files</Filter>
    </ClCompile>
    <ClCompile Include="windowManager\windowmanager.cpp">
      <Filter>Source Files</Filter>
    </ClCompile>
    <ClCompile Include="windowManager\openGLWindowManager\openglwindowmanager.cpp">
      <Filter>Source Files</Filter>
    </ClCompile>
    <ClCompile Include="..\..\..\..\..\..\%40Projects\WERK\Sollicitatie Guerrilla\Heatmap\Heatmap3D\Heatmap3D\scene\scene.cpp">
      <Filter>Source Files</Filter>
    </ClCompile>
    <ClCompile Include="..\..\..\..\..\..\%40Projects\WERK\Sollicitatie Guerrilla\Heatmap\Heatmap3D\Heatmap3D\gameComponent\gamecomponent.cpp">
      <Filter>Source Files</Filter>
    </ClCompile>
    <ClCompile Include="..\..\..\..\..\..\%40Projects\WERK\Sollicitatie Guerrilla\Heatmap\Heatmap3D\Heatmap3D\shaderutils\shaderUtils.cpp">
      <Filter>Source Files</Filter>
    </ClCompile>
    <ClCompile Include="scene\trianglescene\TriangleScene.h">
      <Filter>Source Files</Filter>
    </ClCompile>
    <ClCompile Include="..\..\..\..\..\..\%40Projects\WERK\Sollicitatie Guerrilla\Heatmap\Heatmap3D\Heatmap3D\scene\trianglescene\TriangleScene.cpp">
      <Filter>Source Files</Filter>
    </ClCompile>
  </ItemGroup>
  <ItemGroup>
    <None Include="..\..\..\..\..\..\%40Projects\WERK\Sollicitatie Guerrilla\Heatmap\Heatmap3D\Heatmap3D\res\shaders\TriangleVertexShader.glsl" />
    <None Include="res\shaders\TriangleFragmentShader.glsl" />
  </ItemGroup>
</Project>